NeoBundleLock ctrlp.vim 63c13122aaeecf464ff6b47c0fa544e69bc3dae9
NeoBundleLock lightline.vim ff74d6561487d220ed9d878172d8b55a79a4c17e
NeoBundleLock neobundle.vim c6fa48cd665071b7a4dbf5ab53f48cd5884716ee
NeoBundleLock neosnippet-snippets 5affe26f31f347bd881dae9f1e3bd14916c629f6
NeoBundleLock neosnippet.vim 867149c56651f0958bfde1f56e203f90afba134d
NeoBundleLock tender.vim 6b0497a59233b3e67fb528a498069eb1d24743f9
NeoBundleLock vim-colorschemes b8dff40f69f1873effbed97c759a8452ecb240ed
NeoBundleLock vim-fugitive be2ff98db543990d7e59a90189733d7a779788fd
NeoBundleLock vimshell 3787e52766812d8b99a93ccdda57517bc2a0bab6
